// !$*UTF8*$!
{
	archiveVersion = 1;
	classes = {
	};
	objectVersion = 50;
	objects = {

/* Begin PBXBuildFile section */
		B8D082B925EF7B90008BC9CC /* AppDelegate.swift in Sources */ = {isa = PBXBuildFile; fileRef = B8D082B825EF7B90008BC9CC /* AppDelegate.swift */; };
		B8D082BB25EF7B90008BC9CC /* SceneDelegate.swift in Sources */ = {isa = PBXBuildFile; fileRef = B8D082BA25EF7B90008BC9CC /* SceneDelegate.swift */; };
		B8D082C225EF7B95008BC9CC /* Assets.xcassets in Resources */ = {isa = PBXBuildFile; fileRef = B8D082C125EF7B95008BC9CC /* Assets.xcassets */; };
		B8D082C525EF7B95008BC9CC /* LaunchScreen.storyboard in Resources */ = {isa = PBXBuildFile; fileRef = B8D082C325EF7B95008BC9CC /* LaunchScreen.storyboard */; };
		B8D082D125EF8BDB008BC9CC /* AppContainer.swift in Sources */ = {isa = PBXBuildFile; fileRef = B8D082D025EF8BDB008BC9CC /* AppContainer.swift */; };
		B8D082D425EF8BE9008BC9CC /* AppRouter.swift in Sources */ = {isa = PBXBuildFile; fileRef = B8D082D325EF8BE9008BC9CC /* AppRouter.swift */; };
		B8D082DB25EF8ECC008BC9CC /* ToDoListBuilder.swift in Sources */ = {isa = PBXBuildFile; fileRef = B8D082DA25EF8ECC008BC9CC /* ToDoListBuilder.swift */; };
		B8D082DE25EF8EF4008BC9CC /* ToDoListVC.swift in Sources */ = {isa = PBXBuildFile; fileRef = B8D082DD25EF8EF4008BC9CC /* ToDoListVC.swift */; };
		B8D082E725EF8F55008BC9CC /* ToDoList.storyboard in Resources */ = {isa = PBXBuildFile; fileRef = B8D082E625EF8F55008BC9CC /* ToDoList.storyboard */; };
		B8D082F025EFA069008BC9CC /* ToDoListContracts.swift in Sources */ = {isa = PBXBuildFile; fileRef = B8D082EF25EFA069008BC9CC /* ToDoListContracts.swift */; };
		B8D082F325EFA2C8008BC9CC /* ToDoListVM.swift in Sources */ = {isa = PBXBuildFile; fileRef = B8D082F225EFA2C8008BC9CC /* ToDoListVM.swift */; };
		B8D082F725EFA3BF008BC9CC /* ToDoListPresentation.swift in Sources */ = {isa = PBXBuildFile; fileRef = B8D082F625EFA3BF008BC9CC /* ToDoListPresentation.swift */; };
		B8D0830125F0C51A008BC9CC /* ToDoDetailBuilder.swift in Sources */ = {isa = PBXBuildFile; fileRef = B8D0830025F0C51A008BC9CC /* ToDoDetailBuilder.swift */; };
		B8D0830425F0D2E0008BC9CC /* ToDoDetailContracts.swift in Sources */ = {isa = PBXBuildFile; fileRef = B8D0830325F0D2E0008BC9CC /* ToDoDetailContracts.swift */; };
		B8D0830825F0D32A008BC9CC /* ToDoDetailPresentation.swift in Sources */ = {isa = PBXBuildFile; fileRef = B8D0830725F0D32A008BC9CC /* ToDoDetailPresentation.swift */; };
		B8D0831425F0EFB0008BC9CC /* ToDoState.swift in Sources */ = {isa = PBXBuildFile; fileRef = B8D0831325F0EFB0008BC9CC /* ToDoState.swift */; };
		B8D0831825F0F369008BC9CC /* ToDoDetailVM.swift in Sources */ = {isa = PBXBuildFile; fileRef = B8D0831725F0F369008BC9CC /* ToDoDetailVM.swift */; };
		B8D0831B25F0F37F008BC9CC /* ToDoDetailVC.swift in Sources */ = {isa = PBXBuildFile; fileRef = B8D0831A25F0F37F008BC9CC /* ToDoDetailVC.swift */; };
		B8D0831E25F0F395008BC9CC /* ToDoDetail.storyboard in Resources */ = {isa = PBXBuildFile; fileRef = B8D0831D25F0F395008BC9CC /* ToDoDetail.storyboard */; };
		B8D0832425F12AA2008BC9CC /* UIColor.swift in Sources */ = {isa = PBXBuildFile; fileRef = B8D0832325F12AA2008BC9CC /* UIColor.swift */; };
/* End PBXBuildFile section */

/* Begin PBXFileReference section */
		B8D082B525EF7B90008BC9CC /* to-do.app */ = {isa = PBXFileReference; explicitFileType = wrapper.application; includeInIndex = 0; path = "to-do.app"; sourceTree = BUILT_PRODUCTS_DIR; };
		B8D082B825EF7B90008BC9CC /* AppDelegate.swift */ = {isa = PBXFileReference; lastKnownFileType = sourcecode.swift; path = AppDelegate.swift; sourceTree = "<group>"; };
		B8D082BA25EF7B90008BC9CC /* SceneDelegate.swift */ = {isa = PBXFileReference; lastKnownFileType = sourcecode.swift; path = SceneDelegate.swift; sourceTree = "<group>"; };
		B8D082C125EF7B95008BC9CC /* Assets.xcassets */ = {isa = PBXFileReference; lastKnownFileType = folder.assetcatalog; path = Assets.xcassets; sourceTree = "<group>"; };
		B8D082C425EF7B95008BC9CC /* Base */ = {isa = PBXFileReference; lastKnownFileType = file.storyboard; name = Base; path = Base.lproj/LaunchScreen.storyboard; sourceTree = "<group>"; };
		B8D082C625EF7B95008BC9CC /* Info.plist */ = {isa = PBXFileReference; lastKnownFileType = text.plist.xml; path = Info.plist; sourceTree = "<group>"; };
		B8D082D025EF8BDB008BC9CC /* AppContainer.swift */ = {isa = PBXFileReference; lastKnownFileType = sourcecode.swift; path = AppContainer.swift; sourceTree = "<group>"; };
		B8D082D325EF8BE9008BC9CC /* AppRouter.swift */ = {isa = PBXFileReference; lastKnownFileType = sourcecode.swift; path = AppRouter.swift; sourceTree = "<group>"; };
		B8D082DA25EF8ECC008BC9CC /* ToDoListBuilder.swift */ = {isa = PBXFileReference; lastKnownFileType = sourcecode.swift; path = ToDoListBuilder.swift; sourceTree = "<group>"; };
		B8D082DD25EF8EF4008BC9CC /* ToDoListVC.swift */ = {isa = PBXFileReference; lastKnownFileType = sourcecode.swift; path = ToDoListVC.swift; sourceTree = "<group>"; };
		B8D082E625EF8F55008BC9CC /* ToDoList.storyboard */ = {isa = PBXFileReference; lastKnownFileType = file.storyboard; path = ToDoList.storyboard; sourceTree = "<group>"; };
		B8D082EF25EFA069008BC9CC /* ToDoListContracts.swift */ = {isa = PBXFileReference; lastKnownFileType = sourcecode.swift; path = ToDoListContracts.swift; sourceTree = "<group>"; };
		B8D082F225EFA2C8008BC9CC /* ToDoListVM.swift */ = {isa = PBXFileReference; lastKnownFileType = sourcecode.swift; path = ToDoListVM.swift; sourceTree = "<group>"; };
		B8D082F625EFA3BF008BC9CC /* ToDoListPresentation.swift */ = {isa = PBXFileReference; lastKnownFileType = sourcecode.swift; path = ToDoListPresentation.swift; sourceTree = "<group>"; };
		B8D0830025F0C51A008BC9CC /* ToDoDetailBuilder.swift */ = {isa = PBXFileReference; lastKnownFileType = sourcecode.swift; path = ToDoDetailBuilder.swift; sourceTree = "<group>"; };
		B8D0830325F0D2E0008BC9CC /* ToDoDetailContracts.swift */ = {isa = PBXFileReference; lastKnownFileType = sourcecode.swift; path = ToDoDetailContracts.swift; sourceTree = "<group>"; };
		B8D0830725F0D32A008BC9CC /* ToDoDetailPresentation.swift */ = {isa = PBXFileReference; lastKnownFileType = sourcecode.swift; path = ToDoDetailPresentation.swift; sourceTree = "<group>"; };
		B8D0831325F0EFB0008BC9CC /* ToDoState.swift */ = {isa = PBXFileReference; lastKnownFileType = sourcecode.swift; path = ToDoState.swift; sourceTree = "<group>"; };
		B8D0831725F0F369008BC9CC /* ToDoDetailVM.swift */ = {isa = PBXFileReference; lastKnownFileType = sourcecode.swift; path = ToDoDetailVM.swift; sourceTree = "<group>"; };
		B8D0831A25F0F37F008BC9CC /* ToDoDetailVC.swift */ = {isa = PBXFileReference; lastKnownFileType = sourcecode.swift; path = ToDoDetailVC.swift; sourceTree = "<group>"; };
		B8D0831D25F0F395008BC9CC /* ToDoDetail.storyboard */ = {isa = PBXFileReference; lastKnownFileType = file.storyboard; path = ToDoDetail.storyboard; sourceTree = "<group>"; };
		B8D0832325F12AA2008BC9CC /* UIColor.swift */ = {isa = PBXFileReference; lastKnownFileType = sourcecode.swift; path = UIColor.swift; sourceTree = "<group>"; };
/* End PBXFileReference section */

/* Begin PBXFrameworksBuildPhase section */
		B8D082B225EF7B90008BC9CC /* Frameworks */ = {
			isa = PBXFrameworksBuildPhase;
			buildActionMask = 2147483647;
			files = (
			);
			runOnlyForDeploymentPostprocessing = 0;
		};
/* End PBXFrameworksBuildPhase section */

/* Begin PBXGroup section */
		B8D082AC25EF7B90008BC9CC = {
			isa = PBXGroup;
			children = (
				B8D082B725EF7B90008BC9CC /* to-do */,
				B8D082B625EF7B90008BC9CC /* Products */,
			);
			sourceTree = "<group>";
		};
		B8D082B625EF7B90008BC9CC /* Products */ = {
			isa = PBXGroup;
			children = (
				B8D082B525EF7B90008BC9CC /* to-do.app */,
			);
			name = Products;
			sourceTree = "<group>";
		};
		B8D082B725EF7B90008BC9CC /* to-do */ = {
			isa = PBXGroup;
			children = (
				B8D082C625EF7B95008BC9CC /* Info.plist */,
				B8D082C125EF7B95008BC9CC /* Assets.xcassets */,
				B8D082CD25EF8B1D008BC9CC /* App */,
				B8D082D825EF8E8A008BC9CC /* AppScene */,
				B8D0832225F12A89008BC9CC /* Extension */,
				B8D0831225F0EF9D008BC9CC /* Helper */,
				B8D082C325EF7B95008BC9CC /* LaunchScreen.storyboard */,
			);
			path = "to-do";
			sourceTree = "<group>";
		};
		B8D082CD25EF8B1D008BC9CC /* App */ = {
			isa = PBXGroup;
			children = (
				B8D082B825EF7B90008BC9CC /* AppDelegate.swift */,
				B8D082BA25EF7B90008BC9CC /* SceneDelegate.swift */,
				B8D082D025EF8BDB008BC9CC /* AppContainer.swift */,
				B8D082D325EF8BE9008BC9CC /* AppRouter.swift */,
			);
			path = App;
			sourceTree = "<group>";
		};
		B8D082D825EF8E8A008BC9CC /* AppScene */ = {
			isa = PBXGroup;
			children = (
				B8D082FB25F0C2AF008BC9CC /* ToDoDetail */,
				B8D082D925EF8EB1008BC9CC /* ToDoList */,
			);
			path = AppScene;
			sourceTree = "<group>";
		};
		B8D082D925EF8EB1008BC9CC /* ToDoList */ = {
			isa = PBXGroup;
			children = (
				B8D082E625EF8F55008BC9CC /* ToDoList.storyboard */,
				B8D082DA25EF8ECC008BC9CC /* ToDoListBuilder.swift */,
				B8D082EF25EFA069008BC9CC /* ToDoListContracts.swift */,
				B8D082DD25EF8EF4008BC9CC /* ToDoListVC.swift */,
				B8D082F225EFA2C8008BC9CC /* ToDoListVM.swift */,
				B8D082F525EFA3A0008BC9CC /* Presentation */,
			);
			path = ToDoList;
			sourceTree = "<group>";
		};
		B8D082F525EFA3A0008BC9CC /* Presentation */ = {
			isa = PBXGroup;
			children = (
				B8D082F625EFA3BF008BC9CC /* ToDoListPresentation.swift */,
			);
			path = Presentation;
			sourceTree = "<group>";
		};
		B8D082FB25F0C2AF008BC9CC /* ToDoDetail */ = {
			isa = PBXGroup;
			children = (
				B8D0831D25F0F395008BC9CC /* ToDoDetail.storyboard */,
				B8D0830025F0C51A008BC9CC /* ToDoDetailBuilder.swift */,
				B8D0830325F0D2E0008BC9CC /* ToDoDetailContracts.swift */,
				B8D0831A25F0F37F008BC9CC /* ToDoDetailVC.swift */,
				B8D0831725F0F369008BC9CC /* ToDoDetailVM.swift */,
				B8D0830625F0D306008BC9CC /* Presentation */,
			);
			path = ToDoDetail;
			sourceTree = "<group>";
		};
		B8D0830625F0D306008BC9CC /* Presentation */ = {
			isa = PBXGroup;
			children = (
				B8D0830725F0D32A008BC9CC /* ToDoDetailPresentation.swift */,
			);
			path = Presentation;
			sourceTree = "<group>";
		};
		B8D0831225F0EF9D008BC9CC /* Helper */ = {
			isa = PBXGroup;
			children = (
				B8D0831325F0EFB0008BC9CC /* ToDoState.swift */,
			);
			path = Helper;
			sourceTree = "<group>";
		};
		B8D0832225F12A89008BC9CC /* Extension */ = {
			isa = PBXGroup;
			children = (
				B8D0832325F12AA2008BC9CC /* UIColor.swift */,
			);
			path = Extension;
			sourceTree = "<group>";
		};
/* End PBXGroup section */

/* Begin PBXNativeTarget section */
		B8D082B425EF7B90008BC9CC /* to-do */ = {
			isa = PBXNativeTarget;
			buildConfigurationList = B8D082C925EF7B95008BC9CC /* Build configuration list for PBXNativeTarget "to-do" */;
			buildPhases = (
				B8D082B125EF7B90008BC9CC /* Sources */,
				B8D082B225EF7B90008BC9CC /* Frameworks */,
				B8D082B325EF7B90008BC9CC /* Resources */,
			);
			buildRules = (
			);
			dependencies = (
			);
			name = "to-do";
			productName = "to-do";
			productReference = B8D082B525EF7B90008BC9CC /* to-do.app */;
			productType = "com.apple.product-type.application";
		};
/* End PBXNativeTarget section */

/* Begin PBXProject section */
		B8D082AD25EF7B90008BC9CC /* Project object */ = {
			isa = PBXProject;
			attributes = {
				LastSwiftUpdateCheck = 1240;
				LastUpgradeCheck = 1240;
				TargetAttributes = {
					B8D082B425EF7B90008BC9CC = {
						CreatedOnToolsVersion = 12.4;
					};
				};
			};
			buildConfigurationList = B8D082B025EF7B90008BC9CC /* Build configuration list for PBXProject "to-do" */;
			compatibilityVersion = "Xcode 9.3";
			developmentRegion = en;
			hasScannedForEncodings = 0;
			knownRegions = (
				en,
				Base,
			);
			mainGroup = B8D082AC25EF7B90008BC9CC;
			productRefGroup = B8D082B625EF7B90008BC9CC /* Products */;
			projectDirPath = "";
			projectRoot = "";
			targets = (
				B8D082B425EF7B90008BC9CC /* to-do */,
			);
		};
/* End PBXProject section */

/* Begin PBXResourcesBuildPhase section */
		B8D082B325EF7B90008BC9CC /* Resources */ = {
			isa = PBXResourcesBuildPhase;
			buildActionMask = 2147483647;
			files = (
				B8D082E725EF8F55008BC9CC /* ToDoList.storyboard in Resources */,
				B8D0831E25F0F395008BC9CC /* ToDoDetail.storyboard in Resources */,
				B8D082C525EF7B95008BC9CC /* LaunchScreen.storyboard in Resources */,
				B8D082C225EF7B95008BC9CC /* Assets.xcassets in Resources */,
			);
			runOnlyForDeploymentPostprocessing = 0;
		};
/* End PBXResourcesBuildPhase section */

/* Begin PBXSourcesBuildPhase section */
		B8D082B125EF7B90008BC9CC /* Sources */ = {
			isa = PBXSourcesBuildPhase;
			buildActionMask = 2147483647;
			files = (
				B8D082F325EFA2C8008BC9CC /* ToDoListVM.swift in Sources */,
				B8D0831425F0EFB0008BC9CC /* ToDoState.swift in Sources */,
				B8D082DE25EF8EF4008BC9CC /* ToDoListVC.swift in Sources */,
				B8D0830125F0C51A008BC9CC /* ToDoDetailBuilder.swift in Sources */,
				B8D082DB25EF8ECC008BC9CC /* ToDoListBuilder.swift in Sources */,
				B8D0832425F12AA2008BC9CC /* UIColor.swift in Sources */,
				B8D082F725EFA3BF008BC9CC /* ToDoListPresentation.swift in Sources */,
				B8D082D125EF8BDB008BC9CC /* AppContainer.swift in Sources */,
				B8D082F025EFA069008BC9CC /* ToDoListContracts.swift in Sources */,
				B8D082B925EF7B90008BC9CC /* AppDelegate.swift in Sources */,
				B8D0830825F0D32A008BC9CC /* ToDoDetailPresentation.swift in Sources */,
				B8D082D425EF8BE9008BC9CC /* AppRouter.swift in Sources */,
				B8D0831825F0F369008BC9CC /* ToDoDetailVM.swift in Sources */,
				B8D0831B25F0F37F008BC9CC /* ToDoDetailVC.swift in Sources */,
				B8D0830425F0D2E0008BC9CC /* ToDoDetailContracts.swift in Sources */,
				B8D082BB25EF7B90008BC9CC /* SceneDelegate.swift in Sources */,
			);
			runOnlyForDeploymentPostprocessing = 0;
		};
/* End PBXSourcesBuildPhase section */

/* Begin PBXVariantGroup section */
		B8D082C325EF7B95008BC9CC /* LaunchScreen.storyboard */ = {
			isa = PBXVariantGroup;
			children = (
				B8D082C425EF7B95008BC9CC /* Base */,
			);
			name = LaunchScreen.storyboard;
			sourceTree = "<group>";
		};
/* End PBXVariantGroup section */

/* Begin XCBuildConfiguration section */
		B8D082C725EF7B95008BC9CC /* Debug */ = {
			isa = XCBuildConfiguration;
			buildSettings = {
				ALWAYS_SEARCH_USER_PATHS = NO;
				CLANG_ANALYZER_NONNULL = YES;
				CLANG_ANALYZER_NUMBER_OBJECT_CONVERSION = YES_AGGRESSIVE;
				CLANG_CXX_LANGUAGE_STANDARD = "gnu++14";
				CLANG_CXX_LIBRARY = "libc++";
				CLANG_ENABLE_MODULES = YES;
				CLANG_ENABLE_OBJC_ARC = YES;
				CLANG_ENABLE_OBJC_WEAK = YES;
				CLANG_WARN_BLOCK_CAPTURE_AUTORELEASING = YES;
				CLANG_WARN_BOOL_CONVERSION = YES;
				CLANG_WARN_COMMA = YES;
				CLANG_WARN_CONSTANT_CONVERSION = YES;
				CLANG_WARN_DEPRECATED_OBJC_IMPLEMENTATIONS = YES;
				CLANG_WARN_DIRECT_OBJC_ISA_USAGE = YES_ERROR;
				CLANG_WARN_DOCUMENTATION_COMMENTS = YES;
				CLANG_WARN_EMPTY_BODY = YES;
				CLANG_WARN_ENUM_CONVERSION = YES;
				CLANG_WARN_INFINITE_RECURSION = YES;
				CLANG_WARN_INT_CONVERSION = YES;
				CLANG_WARN_NON_LITERAL_NULL_CONVERSION = YES;
				CLANG_WARN_OBJC_IMPLICIT_RETAIN_SELF = YES;
				CLANG_WARN_OBJC_LITERAL_CONVERSION = YES;
				CLANG_WARN_OBJC_ROOT_CLASS = YES_ERROR;
				CLANG_WARN_QUOTED_INCLUDE_IN_FRAMEWORK_HEADER = YES;
				CLANG_WARN_RANGE_LOOP_ANALYSIS = YES;
				CLANG_WARN_STRICT_PROTOTYPES = YES;
				CLANG_WARN_SUSPICIOUS_MOVE = YES;
				CLANG_WARN_UNGUARDED_AVAILABILITY = YES_AGGRESSIVE;
				CLANG_WARN_UNREACHABLE_CODE = YES;
				CLANG_WARN__DUPLICATE_METHOD_MATCH = YES;
				COPY_PHASE_STRIP = NO;
				DEBUG_INFORMATION_FORMAT = dwarf;
				ENABLE_STRICT_OBJC_MSGSEND = YES;
				ENABLE_TESTABILITY = YES;
				GCC_C_LANGUAGE_STANDARD = gnu11;
				GCC_DYNAMIC_NO_PIC = NO;
				GCC_NO_COMMON_BLOCKS = YES;
				GCC_OPTIMIZATION_LEVEL = 0;
				GCC_PREPROCESSOR_DEFINITIONS = (
					"DEBUG=1",
					"$(inherited)",
				);
				GCC_WARN_64_TO_32_BIT_CONVERSION = YES;
				GCC_WARN_ABOUT_RETURN_TYPE = YES_ERROR;
				GCC_WARN_UNDECLARED_SELECTOR = YES;
				GCC_WARN_UNINITIALIZED_AUTOS = YES_AGGRESSIVE;
				GCC_WARN_UNUSED_FUNCTION = YES;
				GCC_WARN_UNUSED_VARIABLE = YES;
				IPHONEOS_DEPLOYMENT_TARGET = 14.4;
				MTL_ENABLE_DEBUG_INFO = INCLUDE_SOURCE;
				MTL_FAST_MATH = YES;
				ONLY_ACTIVE_ARCH = YES;
				SDKROOT = iphoneos;
				SWIFT_ACTIVE_COMPILATION_CONDITIONS = DEBUG;
				SWIFT_OPTIMIZATION_LEVEL = "-Onone";
			};
			name = Debug;
		};
		B8D082C825EF7B95008BC9CC /* Release */ = {
			isa = XCBuildConfiguration;
			buildSettings = {
				ALWAYS_SEARCH_USER_PATHS = NO;
				CLANG_ANALYZER_NONNULL = YES;
				CLANG_ANALYZER_NUMBER_OBJECT_CONVERSION = YES_AGGRESSIVE;
				CLANG_CXX_LANGUAGE_STANDARD = "gnu++14";
				CLANG_CXX_LIBRARY = "libc++";
				CLANG_ENABLE_MODULES = YES;
				CLANG_ENABLE_OBJC_ARC = YES;
				CLANG_ENABLE_OBJC_WEAK = YES;
				CLANG_WARN_BLOCK_CAPTURE_AUTORELEASING = YES;
				CLANG_WARN_BOOL_CONVERSION = YES;
				CLANG_WARN_COMMA = YES;
				CLANG_WARN_CONSTANT_CONVERSION = YES;
				CLANG_WARN_DEPRECATED_OBJC_IMPLEMENTATIONS = YES;
				CLANG_WARN_DIRECT_OBJC_ISA_USAGE = YES_ERROR;
				CLANG_WARN_DOCUMENTATION_COMMENTS = YES;
				CLANG_WARN_EMPTY_BODY = YES;
				CLANG_WARN_ENUM_CONVERSION = YES;
				CLANG_WARN_INFINITE_RECURSION = YES;
				CLANG_WARN_INT_CONVERSION = YES;
				CLANG_WARN_NON_LITERAL_NULL_CONVERSION = YES;
				CLANG_WARN_OBJC_IMPLICIT_RETAIN_SELF = YES;
				CLANG_WARN_OBJC_LITERAL_CONVERSION = YES;
				CLANG_WARN_OBJC_ROOT_CLASS = YES_ERROR;
				CLANG_WARN_QUOTED_INCLUDE_IN_FRAMEWORK_HEADER = YES;
				CLANG_WARN_RANGE_LOOP_ANALYSIS = YES;
				CLANG_WARN_STRICT_PROTOTYPES = YES;
				CLANG_WARN_SUSPICIOUS_MOVE = YES;
				CLANG_WARN_UNGUARDED_AVAILABILITY = YES_AGGRESSIVE;
				CLANG_WARN_UNREACHABLE_CODE = YES;
				CLANG_WARN__DUPLICATE_METHOD_MATCH = YES;
				COPY_PHASE_STRIP = NO;
				DEBUG_INFORMATION_FORMAT = "dwarf-with-dsym";
				ENABLE_NS_ASSERTIONS = NO;
				ENABLE_STRICT_OBJC_MSGSEND = YES;
				GCC_C_LANGUAGE_STANDARD = gnu11;
				GCC_NO_COMMON_BLOCKS = YES;
				GCC_WARN_64_TO_32_BIT_CONVERSION = YES;
				GCC_WARN_ABOUT_RETURN_TYPE = YES_ERROR;
				GCC_WARN_UNDECLARED_SELECTOR = YES;
				GCC_WARN_UNINITIALIZED_AUTOS = YES_AGGRESSIVE;
				GCC_WARN_UNUSED_FUNCTION = YES;
				GCC_WARN_UNUSED_VARIABLE = YES;
				IPHONEOS_DEPLOYMENT_TARGET = 14.4;
				MTL_ENABLE_DEBUG_INFO = NO;
				MTL_FAST_MATH = YES;
				SDKROOT = iphoneos;
				SWIFT_COMPILATION_MODE = wholemodule;
				SWIFT_OPTIMIZATION_LEVEL = "-O";
				VALIDATE_PRODUCT = YES;
			};
			name = Release;
		};
		B8D082CA25EF7B95008BC9CC /* Debug */ = {
			isa = XCBuildConfiguration;
			buildSettings = {
				ASSETCATALOG_COMPILER_APPICON_NAME = AppIcon;
				ASSETCATALOG_COMPILER_GLOBAL_ACCENT_COLOR_NAME = AccentColor;
				CODE_SIGN_STYLE = Automatic;
				DEVELOPMENT_TEAM = GFX4R389MT;
				INFOPLIST_FILE = "to-do/Info.plist";
				LD_RUNPATH_SEARCH_PATHS = (
					"$(inherited)",
					"@executable_path/Frameworks",
				);
				PRODUCT_BUNDLE_IDENTIFIER = "simpleapp.to-do";
				PRODUCT_NAME = "$(TARGET_NAME)";
				SWIFT_VERSION = 5.0;
				TARGETED_DEVICE_FAMILY = "1,2";
			};
			name = Debug;
		};
		B8D082CB25EF7B95008BC9CC /* Release */ = {
			isa = XCBuildConfiguration;
			buildSettings = {
				ASSETCATALOG_COMPILER_APPICON_NAME = AppIcon;
				ASSETCATALOG_COMPILER_GLOBAL_ACCENT_COLOR_NAME = AccentColor;
				CODE_SIGN_STYLE = Automatic;
				DEVELOPMENT_TEAM = GFX4R389MT;
				INFOPLIST_FILE = "to-do/Info.plist";
				LD_RUNPATH_SEARCH_PATHS = (
					"$(inherited)",
					"@executable_path/Frameworks",
				);
				PRODUCT_BUNDLE_IDENTIFIER = "simpleapp.to-do";
				PRODUCT_NAME = "$(TARGET_NAME)";
				SWIFT_VERSION = 5.0;
				TARGETED_DEVICE_FAMILY = "1,2";
			};
			name = Release;
		};
/* End XCBuildConfiguration section */

/* Begin XCConfigurationList section */
		B8D082B025EF7B90008BC9CC /* Build configuration list for PBXProject "to-do" */ = {
			isa = XCConfigurationList;
			buildConfigurations = (
				B8D082C725EF7B95008BC9CC /* Debug */,
				B8D082C825EF7B95008BC9CC /* Release */,
			);
			defaultConfigurationIsVisible = 0;
			defaultConfigurationName = Release;
		};
		B8D082C925EF7B95008BC9CC /* Build configuration list for PBXNativeTarget "to-do" */ = {
			isa = XCConfigurationList;
			buildConfigurations = (
				B8D082CA25EF7B95008BC9CC /* Debug */,
				B8D082CB25EF7B95008BC9CC /* Release */,
			);
			defaultConfigurationIsVisible = 0;
			defaultConfigurationName = Release;
		};
/* End XCConfigurationList section */
	};
	rootObject = B8D082AD25EF7B90008BC9CC /* Project object */;
}
